{
  "name": "crosschain-swaps",
  "lockfileVersion": 3,
  "requires": true,
  "packages": {
    "": {
      "dependencies": {
        "petra-wallet-types": "github:aptos-labs/petra-wallet-types"
      }
    },
    "node_modules/petra-wallet-types": {
      "version": "0.0.1",
      "resolved": "git+ssh://git@github.com/aptos-labs/petra-wallet-types.git#1b7ee21d522a7f47b8389b573b55d55c5a405e8f"
    }
  }
}
